
Microsoft Visual Studio Solution File, Format Version 12.00
# Visual Studio Version 17
VisualStudioVersion = 17.7.34031.279
MinimumVisualStudioVersion = 10.0.40219.1
Project("{FAE04EC0-301F-11D3-BF4B-00C04F79EFBC}") = "WinFormFirst", "WinFormFirst.csproj", "{97396EA7-B671-4BD9-A3AD-9B4CB3D0F84B}"
EndProject
Global
	GlobalSection(SolutionConfigurationPlatforms) = preSolution
		Debug|Any CPU = Debug|Any CPU
		Release|Any CPU = Release|Any CPU
	EndGlobalSection
	GlobalSection(ProjectConfigurationPlatforms) = postSolution
		{97396EA7-B671-4BD9-A3AD-9B4CB3D0F84B}.Debug|Any CPU.ActiveCfg = Debug|Any CPU
		{97396EA7-B671-4BD9-A3AD-9B4CB3D0F84B}.Debug|Any CPU.Build.0 = Debug|Any CPU
		{97396EA7-B671-4BD9-A3AD-9B4CB3D0F84B}.Release|Any CPU.ActiveCfg = Release|Any CPU
		{97396EA7-B671-4BD9-A3AD-9B4CB3D0F84B}.Release|Any CPU.Build.0 = Release|Any CPU
	EndGlobalSection
	GlobalSection(SolutionProperties) = preSolution
		HideSolutionNode = FALSE
	EndGlobalSection
	GlobalSection(ExtensibilityGlobals) = postSolution
		SolutionGuid = {40A15842-5FDA-4768-8294-EC3BF9C51E39}
	EndGlobalSection
EndGlobal
